
Microsoft Visual Studio Solution File, Format Version 12.00
# Visual Studio Version 16
VisualStudioVersion = 16.0.31624.102
MinimumVisualStudioVersion = 10.0.40219.1
Project("{FAE04EC0-301F-11D3-BF4B-00C04F79EFBC}") = "RollGift", "WindowFrom\RollGift.csproj", "{AEF05BCC-470B-40C3-8A9F-666A071324C0}"
EndProject
Global
	GlobalSection(SolutionConfigurationPlatforms) = preSolution
		Debug|Any CPU = Debug|Any CPU
		Release|Any CPU = Release|Any CPU
	EndGlobalSection
	GlobalSection(ProjectConfigurationPlatforms) = postSolution
		{AEF05BCC-470B-40C3-8A9F-666A071324C0}.Debug|Any CPU.ActiveCfg = Debug|Any CPU
		{AEF05BCC-470B-40C3-8A9F-666A071324C0}.Debug|Any CPU.Build.0 = Debug|Any CPU
		{AEF05BCC-470B-40C3-8A9F-666A071324C0}.Release|Any CPU.ActiveCfg = Release|Any CPU
		{AEF05BCC-470B-40C3-8A9F-666A071324C0}.Release|Any CPU.Build.0 = Release|Any CPU
	EndGlobalSection
	GlobalSection(SolutionProperties) = preSolution
		HideSolutionNode = FALSE
	EndGlobalSection
	GlobalSection(ExtensibilityGlobals) = postSolution
		SolutionGuid = {AF9A6FD5-2B8E-4F2C-A68B-1F33625EDB3F}
	EndGlobalSection
EndGlobal
